Microsoft Visual Studio Solution File, Format Version 11.00
# Visual Studio 2008

Project("{70B1005D-5208-3654-A54F-889952358054}") = "MarioUnity", "Assembly-CSharp.csproj", "{9BE9367D-85CC-8AAC-23A8-0E9BD881C41A}"
EndProject
Global
	GlobalSection(SolutionConfigurationPlatforms) = preSolution
		Debug|Any CPU = Debug|Any CPU
		Release|Any CPU = Release|Any CPU
	EndGlobalSection
	GlobalSection(ProjectConfigurationPlatforms) = postSolution
		{9BE9367D-85CC-8AAC-23A8-0E9BD881C41A}.Debug|Any CPU.ActiveCfg = Debug|Any CPU
		{9BE9367D-85CC-8AAC-23A8-0E9BD881C41A}.Debug|Any CPU.Build.0 = Debug|Any CPU
		{9BE9367D-85CC-8AAC-23A8-0E9BD881C41A}.Release|Any CPU.ActiveCfg = Release|Any CPU
		{9BE9367D-85CC-8AAC-23A8-0E9BD881C41A}.Release|Any CPU.Build.0 = Release|Any CPU
	EndGlobalSection
	GlobalSection(SolutionProperties) = preSolution
		HideSolutionNode = FALSE
	EndGlobalSection
																																																																																																																GlobalSection(MonoDevelopProperties) = preSolution
=======
																																																																																																						GlobalSection(MonoDevelopProperties) = preSolution
>>>>>>> 6fe83932a5cd48f3bfa6b8c902fca7f04c95531f
=======
<<<<<<< HEAD
																																																																																															GlobalSection(MonoDevelopProperties) = preSolution
=======
																																																																																												GlobalSection(MonoDevelopProperties) = preSolution
>>>>>>> 9ffa02bfb0a34b4c8fbdfc99f2d0c54fb3e2f31b
=======
																																																																																											GlobalSection(MonoDevelopProperties) = preSolution
>>>>>>> 53755e0de77ce3a5adbad930f8685bd91f48b906
>>>>>>> 8b23ed6da7a38c9c9bce55d86fe391191968f812
=======
																																																																																							GlobalSection(MonoDevelopProperties) = preSolution
>>>>>>> 990c4847d8a0884e87d1853fc6769f2188ef5d4e
=======
<<<<<<< HEAD
																																																																																						GlobalSection(MonoDevelopProperties) = preSolution
=======
																																																																																			GlobalSection(MonoDevelopProperties) = preSolution
>>>>>>> 648c123a84c2c90cf2b16217280999bf30ab94be
>>>>>>> efdd7b4c3337aa1c97c3e55920a6feae6e321294
=======
<<<<<<< HEAD
=======
<<<<<<< HEAD
																																																																																			GlobalSection(MonoDevelopProperties) = preSolution
=======
																																																																														GlobalSection(MonoDevelopProperties) = preSolution
>>>>>>> 9546ca739460eb6e453cdeca97c8deff65d1d738
=======
<<<<<<< HEAD
																																																																														GlobalSection(MonoDevelopProperties) = preSolution
=======
<<<<<<< HEAD
>>>>>>> 51c52147a690862441a40629ede14fc59a48c914
																																																																																	GlobalSection(MonoDevelopProperties) = preSolution
=======
																																																																														GlobalSection(MonoDevelopProperties) = preSolution
<<<<<<< HEAD
>>>>>>> 9546ca739460eb6e453cdeca97c8deff65d1d738
>>>>>>> 034caba68b3a906af51ba327d84bd803ed67c1cb
=======
>>>>>>> 9546ca739460eb6e453cdeca97c8deff65d1d738
>>>>>>> 034caba68b3a906af51ba327d84bd803ed67c1cb
>>>>>>> c9c0ba431da8bf444b7313eaf152411f29f9e18f
>>>>>>> 51c52147a690862441a40629ede14fc59a48c914
=======
<<<<<<< HEAD
=======
<<<<<<< HEAD
=======
																																																																							GlobalSection(MonoDevelopProperties) = preSolution
=======
=======
<<<<<<< HEAD
																																																																										GlobalSection(MonoDevelopProperties) = preSolution
=======
<<<<<<< HEAD
=======
<<<<<<< HEAD
>>>>>>> 0670135d9fff654d039e3a9ca9547bf06863095c
																																																																					GlobalSection(MonoDevelopProperties) = preSolution
>>>>>>> b2929c8e7cee0d0445bbd86dd72db197cf15bc9e
=======
<<<<<<< HEAD
=======
=======
>>>>>>> 0670135d9fff654d039e3a9ca9547bf06863095c
																																																																												GlobalSection(MonoDevelopProperties) = preSolution
=======
<<<<<<< HEAD
																																																																						GlobalSection(MonoDevelopProperties) = preSolution
=======
<<<<<<< HEAD
=======
<<<<<<< HEAD
=======
<<<<<<< HEAD
																																																																							GlobalSection(MonoDevelopProperties) = preSolution
>>>>>>> 156b8591dbec9aaa4b129a1358dd50c0ccede7f8
=======
<<<<<<< HEAD
=======
<<<<<<< HEAD
<<<<<<< HEAD
=======
=======
<<<<<<< HEAD
>>>>>>> 156b8591dbec9aaa4b129a1358dd50c0ccede7f8
																																																																									GlobalSection(MonoDevelopProperties) = preSolution
=======
<<<<<<< HEAD
																																																																						GlobalSection(MonoDevelopProperties) = preSolution
=======
<<<<<<< HEAD
=======
<<<<<<< HEAD
>>>>>>> 8dfd0caed6c7bd6b2a059a8d80c1a1f321a43172
<<<<<<< HEAD
=======
>>>>>>> 082b0346901f02084481a73c1a74d6e19158d5d2
>>>>>>> 156b8591dbec9aaa4b129a1358dd50c0ccede7f8
																																																																							GlobalSection(MonoDevelopProperties) = preSolution
>>>>>>> 03993e3b56245929511e8fffbd624d04e76d6c83
=======
																																																																					GlobalSection(MonoDevelopProperties) = preSolution
>>>>>>> 2343835a70b76aa399a3657f81b27b856d4f46c0
=======
<<<<<<< HEAD
																																																																					GlobalSection(MonoDevelopProperties) = preSolution
=======
<<<<<<< HEAD
>>>>>>> 669388687113ee17fe7935e69d8ed95fbea45288
																																																																						GlobalSection(MonoDevelopProperties) = preSolution
=======
<<<<<<< HEAD
																																																																						GlobalSection(MonoDevelopProperties) = preSolution
=======
																																																																					GlobalSection(MonoDevelopProperties) = preSolution
<<<<<<< HEAD
<<<<<<< HEAD
>>>>>>> 2343835a70b76aa399a3657f81b27b856d4f46c0
>>>>>>> e29842f8d1f25ce5015c190310a55ad9df6e8ec2
=======
>>>>>>> 2343835a70b76aa399a3657f81b27b856d4f46c0
>>>>>>> e29842f8d1f25ce5015c190310a55ad9df6e8ec2
>>>>>>> 3702bf8e8403d950afb648ce3ba683dd9fc07725
>>>>>>> 669388687113ee17fe7935e69d8ed95fbea45288
>>>>>>> 4aae92bcec6da6aca7d8bac250398701204e95f7
=======
>>>>>>> 2343835a70b76aa399a3657f81b27b856d4f46c0
>>>>>>> e29842f8d1f25ce5015c190310a55ad9df6e8ec2
=======
>>>>>>> 2343835a70b76aa399a3657f81b27b856d4f46c0
>>>>>>> e29842f8d1f25ce5015c190310a55ad9df6e8ec2
<<<<<<< HEAD
>>>>>>> 3702bf8e8403d950afb648ce3ba683dd9fc07725
>>>>>>> 669388687113ee17fe7935e69d8ed95fbea45288
<<<<<<< HEAD
=======
=======
>>>>>>> 2343835a70b76aa399a3657f81b27b856d4f46c0
>>>>>>> e29842f8d1f25ce5015c190310a55ad9df6e8ec2
>>>>>>> 3702bf8e8403d950afb648ce3ba683dd9fc07725
>>>>>>> 669388687113ee17fe7935e69d8ed95fbea45288
>>>>>>> 4aae92bcec6da6aca7d8bac250398701204e95f7
>>>>>>> 03993e3b56245929511e8fffbd624d04e76d6c83
>>>>>>> 8dfd0caed6c7bd6b2a059a8d80c1a1f321a43172
=======
>>>>>>> 156b8591dbec9aaa4b129a1358dd50c0ccede7f8
=======
=======
>>>>>>> 2343835a70b76aa399a3657f81b27b856d4f46c0
>>>>>>> e29842f8d1f25ce5015c190310a55ad9df6e8ec2
>>>>>>> 3702bf8e8403d950afb648ce3ba683dd9fc07725
>>>>>>> 669388687113ee17fe7935e69d8ed95fbea45288
<<<<<<< HEAD
>>>>>>> 4aae92bcec6da6aca7d8bac250398701204e95f7
>>>>>>> 03993e3b56245929511e8fffbd624d04e76d6c83
=======
=======
=======
>>>>>>> 2343835a70b76aa399a3657f81b27b856d4f46c0
>>>>>>> e29842f8d1f25ce5015c190310a55ad9df6e8ec2
>>>>>>> 3702bf8e8403d950afb648ce3ba683dd9fc07725
>>>>>>> 669388687113ee17fe7935e69d8ed95fbea45288
>>>>>>> 4aae92bcec6da6aca7d8bac250398701204e95f7
>>>>>>> 03993e3b56245929511e8fffbd624d04e76d6c83
>>>>>>> 8dfd0caed6c7bd6b2a059a8d80c1a1f321a43172
>>>>>>> 082b0346901f02084481a73c1a74d6e19158d5d2
=======
>>>>>>> 98e943ab4626fb60365de0d6816dc23d30fed0a9
																																																																			GlobalSection(MonoDevelopProperties) = preSolution
=======
																																																																	GlobalSection(MonoDevelopProperties) = preSolution
>>>>>>> 5f896972555d08ce9e3d3e4ef8947f243d5e5249
=======
																																																																				GlobalSection(MonoDevelopProperties) = preSolution
>>>>>>> f485ca6242f9e0076aee0e9c8e99c4de13ec71e1
>>>>>>> 9ee13bef227bdf23aecd6351001cf33ec297d370
=======
<<<<<<< HEAD
=======
<<<<<<< HEAD
																																																											GlobalSection(MonoDevelopProperties) = preSolution
=======
																																												GlobalSection(MonoDevelopProperties) = preSolution
>>>>>>> 3e0d38d198741e8e7ba733b409ec3afa8b5a07ed
=======
<<<<<<< HEAD
																																																											GlobalSection(MonoDevelopProperties) = preSolution
=======
<<<<<<< HEAD
>>>>>>> 5506de078be6bcb051de5b6f3addec0ae2601b41
																																																										GlobalSection(MonoDevelopProperties) = preSolution
=======
																																												GlobalSection(MonoDevelopProperties) = preSolution
<<<<<<< HEAD
>>>>>>> 3e0d38d198741e8e7ba733b409ec3afa8b5a07ed
>>>>>>> 4170b78a7ee60f1f2293f41d5bd251bf9d90dd75
=======
>>>>>>> 3e0d38d198741e8e7ba733b409ec3afa8b5a07ed
>>>>>>> 4170b78a7ee60f1f2293f41d5bd251bf9d90dd75
>>>>>>> e7cf5d69f06dab5e2c77674b0bd65e30990805b8
>>>>>>> 5506de078be6bcb051de5b6f3addec0ae2601b41
=======
																																										GlobalSection(MonoDevelopProperties) = preSolution
=======
<<<<<<< HEAD
																																							GlobalSection(MonoDevelopProperties) = preSolution
=======
																																								GlobalSection(MonoDevelopProperties) = preSolution
>>>>>>> 094c6513659ad6d6919f9779669e3195ce83b118
>>>>>>> 5af5a80f4dd9b9249615fc9180c8a6fb3f677150
<<<<<<< HEAD
=======
=======
<<<<<<< HEAD
																																			GlobalSection(MonoDevelopProperties) = preSolution
>>>>>>> e350c7f920eb309914e577e0c7e40674bad38517
=======
																																	GlobalSection(MonoDevelopProperties) = preSolution
>>>>>>> 3f92c26212413ea3b5d7618d1d4673d184302b2d
=======
																																	GlobalSection(MonoDevelopProperties) = preSolution
>>>>>>> 23382257e55a48a8de1439c279bc9c9e215ac573
>>>>>>> a6753040ea9cc466a49e956f251ab46b760488be
=======
																																	GlobalSection(MonoDevelopProperties) = preSolution
=======
																																	GlobalSection(MonoDevelopProperties) = preSolution
>>>>>>> 3f92c26212413ea3b5d7618d1d4673d184302b2d
>>>>>>> 7f5b7d936ef4c25b9cf203d91a739149c4b40e92
>>>>>>> ad727e52c115667d425e276a34b4348424019e25
=======
<<<<<<< HEAD
												GlobalSection(MonoDevelopProperties) = preSolution
=======
					GlobalSection(MonoDevelopProperties) = preSolution
>>>>>>> ec10b89b061056df20e98297536132a6e8fede44
=======
									GlobalSection(MonoDevelopProperties) = preSolution
>>>>>>> e13c855574da676b765cdf4e0f4fb6a321176402
>>>>>>> 9639fd795b7c88692bbbc5f2092b51c458d40745
		StartupItem = Assembly-CSharp.csproj
		Policies = $0
		$0.TextStylePolicy = $1
		$1.inheritsSet = null
		$1.scope = text/x-csharp
		$0.CSharpFormattingPolicy = $2
		$2.inheritsSet = Mono
		$2.inheritsScope = text/x-csharp
		$2.scope = text/x-csharp
		$0.TextStylePolicy = $3
		$3.FileWidth = 120
		$3.TabWidth = 4
		$3.IndentWidth = 4
		$3.EolMarker = Unix
		$3.inheritsSet = Mono
		$3.inheritsScope = text/plain
		$3.scope = text/plain
	EndGlobalSection

EndGlobal
