Microsoft Visual Studio Solution File, Format Version 11.00
# Visual Studio 2008

Project("{70B1005D-5208-3654-A54F-889952358054}") = "MarioUnity", "Assembly-CSharp.csproj", "{9BE9367D-85CC-8AAC-23A8-0E9BD881C41A}"
EndProject
Global
	GlobalSection(SolutionConfigurationPlatforms) = preSolution
		Debug|Any CPU = Debug|Any CPU
		Release|Any CPU = Release|Any CPU
	EndGlobalSection
	GlobalSection(ProjectConfigurationPlatforms) = postSolution
		{9BE9367D-85CC-8AAC-23A8-0E9BD881C41A}.Debug|Any CPU.ActiveCfg = Debug|Any CPU
		{9BE9367D-85CC-8AAC-23A8-0E9BD881C41A}.Debug|Any CPU.Build.0 = Debug|Any CPU
		{9BE9367D-85CC-8AAC-23A8-0E9BD881C41A}.Release|Any CPU.ActiveCfg = Release|Any CPU
		{9BE9367D-85CC-8AAC-23A8-0E9BD881C41A}.Release|Any CPU.Build.0 = Release|Any CPU
	EndGlobalSection
	GlobalSection(SolutionProperties) = preSolution
		HideSolutionNode = FALSE
	EndGlobalSection
																																												GlobalSection(MonoDevelopProperties) = preSolution
=======
																																										GlobalSection(MonoDevelopProperties) = preSolution
=======
<<<<<<< HEAD
																																							GlobalSection(MonoDevelopProperties) = preSolution
=======
																																								GlobalSection(MonoDevelopProperties) = preSolution
>>>>>>> 094c6513659ad6d6919f9779669e3195ce83b118
>>>>>>> 5af5a80f4dd9b9249615fc9180c8a6fb3f677150
<<<<<<< HEAD
=======
=======
<<<<<<< HEAD
																																			GlobalSection(MonoDevelopProperties) = preSolution
>>>>>>> e350c7f920eb309914e577e0c7e40674bad38517
=======
																																	GlobalSection(MonoDevelopProperties) = preSolution
>>>>>>> 3f92c26212413ea3b5d7618d1d4673d184302b2d
=======
																																	GlobalSection(MonoDevelopProperties) = preSolution
>>>>>>> 23382257e55a48a8de1439c279bc9c9e215ac573
>>>>>>> a6753040ea9cc466a49e956f251ab46b760488be
=======
																																	GlobalSection(MonoDevelopProperties) = preSolution
=======
																																	GlobalSection(MonoDevelopProperties) = preSolution
>>>>>>> 3f92c26212413ea3b5d7618d1d4673d184302b2d
>>>>>>> 7f5b7d936ef4c25b9cf203d91a739149c4b40e92
>>>>>>> ad727e52c115667d425e276a34b4348424019e25
=======
<<<<<<< HEAD
												GlobalSection(MonoDevelopProperties) = preSolution
=======
					GlobalSection(MonoDevelopProperties) = preSolution
>>>>>>> ec10b89b061056df20e98297536132a6e8fede44
=======
									GlobalSection(MonoDevelopProperties) = preSolution
>>>>>>> e13c855574da676b765cdf4e0f4fb6a321176402
>>>>>>> 9639fd795b7c88692bbbc5f2092b51c458d40745
		StartupItem = Assembly-CSharp.csproj
		Policies = $0
		$0.TextStylePolicy = $1
		$1.inheritsSet = null
		$1.scope = text/x-csharp
		$0.CSharpFormattingPolicy = $2
		$2.inheritsSet = Mono
		$2.inheritsScope = text/x-csharp
		$2.scope = text/x-csharp
		$0.TextStylePolicy = $3
		$3.FileWidth = 120
		$3.TabWidth = 4
		$3.IndentWidth = 4
		$3.EolMarker = Unix
		$3.inheritsSet = Mono
		$3.inheritsScope = text/plain
		$3.scope = text/plain
	EndGlobalSection

EndGlobal
